
Microsoft Visual Studio Solution File, Format Version 12.00
# Visual Studio Version 17
VisualStudioVersion = 17.0.32112.339
MinimumVisualStudioVersion = 10.0.40219.1
Project("{2150E333-8FDC-42A3-9474-1A3956D46DE8}") = "Solution Items", "Solution Items", "{115EFC4C-CE04-4705-8E6D-C1D13B9A01BF}"
	ProjectSection(SolutionItems) = preProject
		changelog.txt = changelog.txt
		Dockerfile = Dockerfile
		.github\workflows\dotnet.yml = .github\workflows\dotnet.yml
		license.md = license.md
		.github\workflows\push-image-to-packages.yml = .github\workflows\push-image-to-packages.yml
		readme.md = readme.md
	EndProjectSection
EndProject
Project("{9A19103F-16F7-4668-BE54-9A1E7A4F7556}") = "LogRPush", "src\LogRPush\LogRPush.csproj", "{38156AB3-1C52-4026-BE6E-B76969E4E7F5}"
EndProject
Project("{9A19103F-16F7-4668-BE54-9A1E7A4F7556}") = "LogRWebMonitor", "src\LogRWebMonitor\LogRWebMonitor.csproj", "{ECCC74C6-88D7-4FCE-BA23-6E1F4ADD1530}"
EndProject
Project("{9A19103F-16F7-4668-BE54-9A1E7A4F7556}") = "LogRWebMonitorDemo", "src\LogRWebMonitorDemo\LogRWebMonitorDemo.csproj", "{C4459083-B1B5-43ED-9394-C0BDF7467F68}"
EndProject
Project("{9A19103F-16F7-4668-BE54-9A1E7A4F7556}") = "ConsoleClient", "src\ConsoleClient\ConsoleClient.csproj", "{1C9BFD1D-E48C-4F00-A7B3-AF9864D28F57}"
EndProject
Project("{9A19103F-16F7-4668-BE54-9A1E7A4F7556}") = "LogRWebApp", "src\LogRWebApp\LogRWebApp.csproj", "{2589AF45-D9E6-4C74-AACA-394F60E6EF6F}"
EndProject
Project("{2150E333-8FDC-42A3-9474-1A3956D46DE8}") = "Plugins", "Plugins", "{4636A433-BC71-4DE9-9AB6-7CF904C241C2}"
EndProject
Project("{9A19103F-16F7-4668-BE54-9A1E7A4F7556}") = "OvhGrayLogR", "src\Plugins\OvhGrayLogR\OvhGrayLogR.csproj", "{85E4A9F1-2EF8-4FA5-BB66-A64AF3313A87}"
EndProject
Project("{2150E333-8FDC-42A3-9474-1A3956D46DE8}") = "Demo", "Demo", "{981FADD4-12F4-4293-9BA5-21EA3B6BE31E}"
EndProject
Project("{9A19103F-16F7-4668-BE54-9A1E7A4F7556}") = "LogWinRMonitor", "src\LogRWinMonitor\LogWinRMonitor.csproj", "{BFEECB73-ED88-4B83-9A53-34AB10211C21}"
EndProject
Global
	GlobalSection(SolutionConfigurationPlatforms) = preSolution
		Debug|Any CPU = Debug|Any CPU
		Release|Any CPU = Release|Any CPU
	EndGlobalSection
	GlobalSection(ProjectConfigurationPlatforms) = postSolution
		{38156AB3-1C52-4026-BE6E-B76969E4E7F5}.Debug|Any CPU.ActiveCfg = Debug|Any CPU
		{38156AB3-1C52-4026-BE6E-B76969E4E7F5}.Debug|Any CPU.Build.0 = Debug|Any CPU
		{38156AB3-1C52-4026-BE6E-B76969E4E7F5}.Release|Any CPU.ActiveCfg = Release|Any CPU
		{38156AB3-1C52-4026-BE6E-B76969E4E7F5}.Release|Any CPU.Build.0 = Release|Any CPU
		{ECCC74C6-88D7-4FCE-BA23-6E1F4ADD1530}.Debug|Any CPU.ActiveCfg = Debug|Any CPU
		{ECCC74C6-88D7-4FCE-BA23-6E1F4ADD1530}.Debug|Any CPU.Build.0 = Debug|Any CPU
		{ECCC74C6-88D7-4FCE-BA23-6E1F4ADD1530}.Release|Any CPU.ActiveCfg = Release|Any CPU
		{ECCC74C6-88D7-4FCE-BA23-6E1F4ADD1530}.Release|Any CPU.Build.0 = Release|Any CPU
		{C4459083-B1B5-43ED-9394-C0BDF7467F68}.Debug|Any CPU.ActiveCfg = Debug|Any CPU
		{C4459083-B1B5-43ED-9394-C0BDF7467F68}.Debug|Any CPU.Build.0 = Debug|Any CPU
		{C4459083-B1B5-43ED-9394-C0BDF7467F68}.Release|Any CPU.ActiveCfg = Release|Any CPU
		{C4459083-B1B5-43ED-9394-C0BDF7467F68}.Release|Any CPU.Build.0 = Release|Any CPU
		{1C9BFD1D-E48C-4F00-A7B3-AF9864D28F57}.Debug|Any CPU.ActiveCfg = Debug|Any CPU
		{1C9BFD1D-E48C-4F00-A7B3-AF9864D28F57}.Debug|Any CPU.Build.0 = Debug|Any CPU
		{1C9BFD1D-E48C-4F00-A7B3-AF9864D28F57}.Release|Any CPU.ActiveCfg = Release|Any CPU
		{1C9BFD1D-E48C-4F00-A7B3-AF9864D28F57}.Release|Any CPU.Build.0 = Release|Any CPU
		{2589AF45-D9E6-4C74-AACA-394F60E6EF6F}.Debug|Any CPU.ActiveCfg = Debug|Any CPU
		{2589AF45-D9E6-4C74-AACA-394F60E6EF6F}.Debug|Any CPU.Build.0 = Debug|Any CPU
		{2589AF45-D9E6-4C74-AACA-394F60E6EF6F}.Release|Any CPU.ActiveCfg = Release|Any CPU
		{2589AF45-D9E6-4C74-AACA-394F60E6EF6F}.Release|Any CPU.Build.0 = Release|Any CPU
		{85E4A9F1-2EF8-4FA5-BB66-A64AF3313A87}.Debug|Any CPU.ActiveCfg = Debug|Any CPU
		{85E4A9F1-2EF8-4FA5-BB66-A64AF3313A87}.Debug|Any CPU.Build.0 = Debug|Any CPU
		{85E4A9F1-2EF8-4FA5-BB66-A64AF3313A87}.Release|Any CPU.ActiveCfg = Release|Any CPU
		{85E4A9F1-2EF8-4FA5-BB66-A64AF3313A87}.Release|Any CPU.Build.0 = Release|Any CPU
		{BFEECB73-ED88-4B83-9A53-34AB10211C21}.Debug|Any CPU.ActiveCfg = Debug|Any CPU
		{BFEECB73-ED88-4B83-9A53-34AB10211C21}.Debug|Any CPU.Build.0 = Debug|Any CPU
		{BFEECB73-ED88-4B83-9A53-34AB10211C21}.Release|Any CPU.ActiveCfg = Release|Any CPU
		{BFEECB73-ED88-4B83-9A53-34AB10211C21}.Release|Any CPU.Build.0 = Release|Any CPU
	EndGlobalSection
	GlobalSection(SolutionProperties) = preSolution
		HideSolutionNode = FALSE
	EndGlobalSection
	GlobalSection(NestedProjects) = preSolution
		{C4459083-B1B5-43ED-9394-C0BDF7467F68} = {981FADD4-12F4-4293-9BA5-21EA3B6BE31E}
		{1C9BFD1D-E48C-4F00-A7B3-AF9864D28F57} = {981FADD4-12F4-4293-9BA5-21EA3B6BE31E}
		{85E4A9F1-2EF8-4FA5-BB66-A64AF3313A87} = {4636A433-BC71-4DE9-9AB6-7CF904C241C2}
	EndGlobalSection
	GlobalSection(ExtensibilityGlobals) = postSolution
		SolutionGuid = {87C9D124-FA71-45B0-908C-D024C95BB10C}
	EndGlobalSection
EndGlobal
