
Microsoft Visual Studio Solution File, Format Version 12.00
# Visual Studio Version 17
VisualStudioVersion = 17.0.32112.339
MinimumVisualStudioVersion = 10.0.40219.1
Project("{2150E333-8FDC-42A3-9474-1A3956D46DE8}") = "Solution Items", "Solution Items", "{115EFC4C-CE04-4705-8E6D-C1D13B9A01BF}"
	ProjectSection(SolutionItems) = preProject
		changelog.txt = changelog.txt
		.github\workflows\dotnet.yml = .github\workflows\dotnet.yml
		license.md = license.md
		readme.md = readme.md
	EndProjectSection
EndProject
Project("{9A19103F-16F7-4668-BE54-9A1E7A4F7556}") = "LogRPush", "src\LogRPush\LogRPush.csproj", "{38156AB3-1C52-4026-BE6E-B76969E4E7F5}"
EndProject
Project("{9A19103F-16F7-4668-BE54-9A1E7A4F7556}") = "LogRWebMonitor", "src\LogRWebMonitor\LogRWebMonitor.csproj", "{ECCC74C6-88D7-4FCE-BA23-6E1F4ADD1530}"
EndProject
Project("{FAE04EC0-301F-11D3-BF4B-00C04F79EFBC}") = "LogRWebMonitorDemo", "src\LogRWebMonitorDemo\LogRWebMonitorDemo.csproj", "{C4459083-B1B5-43ED-9394-C0BDF7467F68}"
EndProject
Global
	GlobalSection(SolutionConfigurationPlatforms) = preSolution
		Debug|Any CPU = Debug|Any CPU
		Release|Any CPU = Release|Any CPU
	EndGlobalSection
	GlobalSection(ProjectConfigurationPlatforms) = postSolution
		{38156AB3-1C52-4026-BE6E-B76969E4E7F5}.Debug|Any CPU.ActiveCfg = Debug|Any CPU
		{38156AB3-1C52-4026-BE6E-B76969E4E7F5}.Debug|Any CPU.Build.0 = Debug|Any CPU
		{38156AB3-1C52-4026-BE6E-B76969E4E7F5}.Release|Any CPU.ActiveCfg = Release|Any CPU
		{38156AB3-1C52-4026-BE6E-B76969E4E7F5}.Release|Any CPU.Build.0 = Release|Any CPU
		{ECCC74C6-88D7-4FCE-BA23-6E1F4ADD1530}.Debug|Any CPU.ActiveCfg = Debug|Any CPU
		{ECCC74C6-88D7-4FCE-BA23-6E1F4ADD1530}.Debug|Any CPU.Build.0 = Debug|Any CPU
		{ECCC74C6-88D7-4FCE-BA23-6E1F4ADD1530}.Release|Any CPU.ActiveCfg = Release|Any CPU
		{ECCC74C6-88D7-4FCE-BA23-6E1F4ADD1530}.Release|Any CPU.Build.0 = Release|Any CPU
		{C4459083-B1B5-43ED-9394-C0BDF7467F68}.Debug|Any CPU.ActiveCfg = Debug|Any CPU
		{C4459083-B1B5-43ED-9394-C0BDF7467F68}.Debug|Any CPU.Build.0 = Debug|Any CPU
		{C4459083-B1B5-43ED-9394-C0BDF7467F68}.Release|Any CPU.ActiveCfg = Release|Any CPU
		{C4459083-B1B5-43ED-9394-C0BDF7467F68}.Release|Any CPU.Build.0 = Release|Any CPU
	EndGlobalSection
	GlobalSection(SolutionProperties) = preSolution
		HideSolutionNode = FALSE
	EndGlobalSection
	GlobalSection(ExtensibilityGlobals) = postSolution
		SolutionGuid = {87C9D124-FA71-45B0-908C-D024C95BB10C}
	EndGlobalSection
EndGlobal
